schema: '2.0'
stages:
  get_data:
    cmd: python src/get_data.py
    deps:
    - path: src/get_data.py
      md5: e287a1647637d6266ac0d9877c4157e4
      size: 309
    outs:
    - path: data/raw/SeoulBikeData.csv
      md5: 4ec879231f9c38e97dd87049bdb61c18
      size: 604166
  prepare:
    cmd: python src/prepare.py data/raw/SeoulBikeData.csv
    deps:
    - path: data/raw/SeoulBikeData.csv
      md5: 4ec879231f9c38e97dd87049bdb61c18
      size: 604166
    - path: src/prepare.py
      md5: 0d06a395e419164be0b49ae9e114a142
      size: 2639
    outs:
    - path: data/processed/test.csv
      md5: 3a4ec8d2c003f36f970b142d7762d11d
      size: 293728
    - path: data/processed/train.csv
      md5: 7d0e791cf592b24ab36fb433b4850b85
      size: 678953
  train:
    cmd: python src/train.py data/processed/train.csv
    deps:
    - path: data/processed/train.csv
      md5: 7d0e791cf592b24ab36fb433b4850b85
      size: 678953
    - path: src/train.py
      md5: e77066ef255dd77d09e042490ccba84e
      size: 465
    outs:
    - path: models/xgb_model.pkl
      md5: 9fcb5c4f6d540fb4f3e983d5b72cd059
      size: 662990
  evaluate:
    cmd: python src/evaluate.py models/xgb_model.pkl data/processed
    deps:
    - path: data/processed
      md5: c70be8ec7f9ff946b2382d659fa9f1ea.dir
      size: 972702
      nfiles: 3
    - path: models/xgb_model.pkl
      md5: 9fcb5c4f6d540fb4f3e983d5b72cd059
      size: 662990
    - path: src/evaluate.py
      md5: 8dde031a22c9c43fadad96968a0e8e9f
      size: 721
    outs:
    - path: metrics/metrics.json
      md5: 3aea1c303ae0e3d54d8e0e91cecc9156
      size: 95
